
Microsoft Visual Studio Solution File, Format Version 12.00
# Visual Studio Version 16
VisualStudioVersion = 16.0.31205.134
MinimumVisualStudioVersion = 10.0.40219.1
Project("{9A19103F-16F7-4668-BE54-9A1E7A4F7556}") = "task1", "task1\task1.csproj", "{7E2559C8-F656-4742-8988-1593B9800767}"
EndProject
Project("{9A19103F-16F7-4668-BE54-9A1E7A4F7556}") = "task2", "task2\task2.csproj", "{328D26A2-221C-409C-BEEF-20EB4B3D1EE1}"
EndProject
Project("{FAE04EC0-301F-11D3-BF4B-00C04F79EFBC}") = "task3", "task3\task3.csproj", "{96E0885C-D84B-4855-BCC5-86147530C195}"
EndProject
Global
	GlobalSection(SolutionConfigurationPlatforms) = preSolution
		Debug|Any CPU = Debug|Any CPU
		Release|Any CPU = Release|Any CPU
	EndGlobalSection
	GlobalSection(ProjectConfigurationPlatforms) = postSolution
		{7E2559C8-F656-4742-8988-1593B9800767}.Debug|Any CPU.ActiveCfg = Debug|Any CPU
		{7E2559C8-F656-4742-8988-1593B9800767}.Debug|Any CPU.Build.0 = Debug|Any CPU
		{7E2559C8-F656-4742-8988-1593B9800767}.Release|Any CPU.ActiveCfg = Release|Any CPU
		{7E2559C8-F656-4742-8988-1593B9800767}.Release|Any CPU.Build.0 = Release|Any CPU
		{328D26A2-221C-409C-BEEF-20EB4B3D1EE1}.Debug|Any CPU.ActiveCfg = Debug|Any CPU
		{328D26A2-221C-409C-BEEF-20EB4B3D1EE1}.Debug|Any CPU.Build.0 = Debug|Any CPU
		{328D26A2-221C-409C-BEEF-20EB4B3D1EE1}.Release|Any CPU.ActiveCfg = Release|Any CPU
		{328D26A2-221C-409C-BEEF-20EB4B3D1EE1}.Release|Any CPU.Build.0 = Release|Any CPU
		{96E0885C-D84B-4855-BCC5-86147530C195}.Debug|Any CPU.ActiveCfg = Debug|Any CPU
		{96E0885C-D84B-4855-BCC5-86147530C195}.Debug|Any CPU.Build.0 = Debug|Any CPU
		{96E0885C-D84B-4855-BCC5-86147530C195}.Release|Any CPU.ActiveCfg = Release|Any CPU
		{96E0885C-D84B-4855-BCC5-86147530C195}.Release|Any CPU.Build.0 = Release|Any CPU
	EndGlobalSection
	GlobalSection(SolutionProperties) = preSolution
		HideSolutionNode = FALSE
	EndGlobalSection
	GlobalSection(ExtensibilityGlobals) = postSolution
		SolutionGuid = {07F05D5C-622D-4584-A6A5-A7860133134E}
	EndGlobalSection
EndGlobal
